github.com/jepsen-io/maelstrom/demo/go v0.0.0-20241204184542-016086a90274 h1:9LCa2oSy5cFlAN3a1ZzLyGt7Jhj24yqKddtaei3skAw=
github.com/jepsen-io/maelstrom/demo/go v0.0.0-20241204184542-016086a90274/go.mod h1:i6aVIs5AIOOaQF1lAisBm7DDeWM1Iopf+26UxjagsCU=
github.com/jepsen-io/maelstrom/demo/go v0.0.0-20251128144731-cb7f07239012 h1:j2FpC/930Px9SWIn8lgzxEiEZOvaQ9EUs37+e1QCNLA=
github.com/jepsen-io/maelstrom/demo/go v0.0.0-20251128144731-cb7f07239012/go.mod h1:i6aVIs5AIOOaQF1lAisBm7DDeWM1Iopf+26UxjagsCU=
